// !$*UTF8*$!
{
	archiveVersion = 1;
	classes = {
	};
	objectVersion = 77;
	objects = {

/* Begin PBXBuildFile section */
		F40865F42DA353C500B300E9 /* SnapKit in Frameworks */ = {isa = PBXBuildFile; productRef = F40865F32DA353C500B300E9 /* SnapKit */; };
		F4ECD9F32DC452670012AF00 /* Alamofire in Frameworks */ = {isa = PBXBuildFile; productRef = F4ECD9F22DC452670012AF00 /* Alamofire */; };
		F4ECDA092DC45C8C0012AF00 /* KeychainAccess in Frameworks */ = {isa = PBXBuildFile; productRef = F4ECDA082DC45C8C0012AF00 /* KeychainAccess */; };
/* End PBXBuildFile section */

/* Begin PBXContainerItemProxy section */
		6325CF4E2DA143E400F84D50 /* PBXContainerItemProxy */ = {
			isa = PBXContainerItemProxy;
			containerPortal = 6325CF2F2DA143E300F84D50 /* Project object */;
			proxyType = 1;
			remoteGlobalIDString = 6325CF362DA143E300F84D50;
			remoteInfo = Unify;
		};
		6325CF582DA143E400F84D50 /* PBXContainerItemProxy */ = {
			isa = PBXContainerItemProxy;
			containerPortal = 6325CF2F2DA143E300F84D50 /* Project object */;
			proxyType = 1;
			remoteGlobalIDString = 6325CF362DA143E300F84D50;
			remoteInfo = Unify;
		};
/* End PBXContainerItemProxy section */

/* Begin PBXFileReference section */
		6325CF372DA143E300F84D50 /* Unify.app */ = {isa = PBXFileReference; explicitFileType = wrapper.application; includeInIndex = 0; path = Unify.app; sourceTree = BUILT_PRODUCTS_DIR; };
		6325CF4D2DA143E400F84D50 /* UnifyTests.xctest */ = {isa = PBXFileReference; explicitFileType = wrapper.cfbundle; includeInIndex = 0; path = UnifyTests.xctest; sourceTree = BUILT_PRODUCTS_DIR; };
		6325CF572DA143E400F84D50 /* UnifyUITests.xctest */ = {isa = PBXFileReference; explicitFileType = wrapper.cfbundle; includeInIndex = 0; path = UnifyUITests.xctest; sourceTree = BUILT_PRODUCTS_DIR; };
/* End PBXFileReference section */

/* Begin PBXFileSystemSynchronizedBuildFileExceptionSet section */
		6325CF5F2DA143E400F84D50 /* Exceptions for "Unify" folder in "Unify" target */ = {
			isa = PBXFileSystemSynchronizedBuildFileExceptionSet;
			membershipExceptions = (
				resources/Info.plist,
			);
			target = 6325CF362DA143E300F84D50 /* Unify */;
		};
/* End PBXFileSystemSynchronizedBuildFileExceptionSet section */

/* Begin PBXFileSystemSynchronizedRootGroup section */
		6325CF392DA143E300F84D50 /* Unify */ = {
			isa = PBXFileSystemSynchronizedRootGroup;
			exceptions = (
				6325CF5F2DA143E400F84D50 /* Exceptions for "Unify" folder in "Unify" target */,
			);
			path = Unify;
			sourceTree = "<group>";
		};
		6325CF502DA143E400F84D50 /* UnifyTests */ = {
			isa = PBXFileSystemSynchronizedRootGroup;
			path = UnifyTests;
			sourceTree = "<group>";
		};
		6325CF5A2DA143E400F84D50 /* UnifyUITests */ = {
			isa = PBXFileSystemSynchronizedRootGroup;
			path = UnifyUITests;
			sourceTree = "<group>";
		};
/* End PBXFileSystemSynchronizedRootGroup section */

/* Begin PBXFrameworksBuildPhase section */
		6325CF342DA143E300F84D50 /* Frameworks */ = {
			isa = PBXFrameworksBuildPhase;
			buildActionMask = 2147483647;
			files = (
				F40865F42DA353C500B300E9 /* SnapKit in Frameworks */,
				F4ECD9F32DC452670012AF00 /* Alamofire in Frameworks */,
				F4ECDA092DC45C8C0012AF00 /* KeychainAccess in Frameworks */,
			);
			runOnlyForDeploymentPostprocessing = 0;
		};
		6325CF4A2DA143E400F84D50 /* Frameworks */ = {
			isa = PBXFrameworksBuildPhase;
			buildActionMask = 2147483647;
			files = (
			);
			runOnlyForDeploymentPostprocessing = 0;
		};
		6325CF542DA143E400F84D50 /* Frameworks */ = {
			isa = PBXFrameworksBuildPhase;
			buildActionMask = 2147483647;
			files = (
			);
			runOnlyForDeploymentPostprocessing = 0;
		};
/* End PBXFrameworksBuildPhase section */

/* Begin PBXGroup section */
		6325CF2E2DA143E300F84D50 = {
			isa = PBXGroup;
			children = (
				6325CF392DA143E300F84D50 /* Unify */,
				6325CF502DA143E400F84D50 /* UnifyTests */,
				6325CF5A2DA143E400F84D50 /* UnifyUITests */,
				6325CF382DA143E300F84D50 /* Products */,
			);
			sourceTree = "<group>";
		};
		6325CF382DA143E300F84D50 /* Products */ = {
			isa = PBXGroup;
			children = (
				6325CF372DA143E300F84D50 /* Unify.app */,
				6325CF4D2DA143E400F84D50 /* UnifyTests.xctest */,
				6325CF572DA143E400F84D50 /* UnifyUITests.xctest */,
			);
			name = Products;
			sourceTree = "<group>";
		};
/* End PBXGroup section */

/* Begin PBXNativeTarget section */
		6325CF362DA143E300F84D50 /* Unify */ = {
			isa = PBXNativeTarget;
			buildConfigurationList = 6325CF602DA143E400F84D50 /* Build configuration list for PBXNativeTarget "Unify" */;
			buildPhases = (
				6325CF332DA143E300F84D50 /* Sources */,
				6325CF342DA143E300F84D50 /* Frameworks */,
				6325CF352DA143E300F84D50 /* Resources */,
			);
			buildRules = (
			);
			dependencies = (
			);
			fileSystemSynchronizedGroups = (
				6325CF392DA143E300F84D50 /* Unify */,
			);
			name = Unify;
			packageProductDependencies = (
				F40865F32DA353C500B300E9 /* SnapKit */,
				F4ECD9F22DC452670012AF00 /* Alamofire */,
				F4ECDA082DC45C8C0012AF00 /* KeychainAccess */,
			);
			productName = Unify;
			productReference = 6325CF372DA143E300F84D50 /* Unify.app */;
			productType = "com.apple.product-type.application";
		};
		6325CF4C2DA143E400F84D50 /* UnifyTests */ = {
			isa = PBXNativeTarget;
			buildConfigurationList = 6325CF652DA143E400F84D50 /* Build configuration list for PBXNativeTarget "UnifyTests" */;
			buildPhases = (
				6325CF492DA143E400F84D50 /* Sources */,
				6325CF4A2DA143E400F84D50 /* Frameworks */,
				6325CF4B2DA143E400F84D50 /* Resources */,
			);
			buildRules = (
			);
			dependencies = (
				6325CF4F2DA143E400F84D50 /* PBXTargetDependency */,
			);
			fileSystemSynchronizedGroups = (
				6325CF502DA143E400F84D50 /* UnifyTests */,
			);
			name = UnifyTests;
			packageProductDependencies = (
			);
			productName = UnifyTests;
			productReference = 6325CF4D2DA143E400F84D50 /* UnifyTests.xctest */;
			productType = "com.apple.product-type.bundle.unit-test";
		};
		6325CF562DA143E400F84D50 /* UnifyUITests */ = {
			isa = PBXNativeTarget;
			buildConfigurationList = 6325CF682DA143E400F84D50 /* Build configuration list for PBXNativeTarget "UnifyUITests" */;
			buildPhases = (
				6325CF532DA143E400F84D50 /* Sources */,
				6325CF542DA143E400F84D50 /* Frameworks */,
				6325CF552DA143E400F84D50 /* Resources */,
			);
			buildRules = (
			);
			dependencies = (
				6325CF592DA143E400F84D50 /* PBXTargetDependency */,
			);
			fileSystemSynchronizedGroups = (
				6325CF5A2DA143E400F84D50 /* UnifyUITests */,
			);
			name = UnifyUITests;
			packageProductDependencies = (
			);
			productName = UnifyUITests;
			productReference = 6325CF572DA143E400F84D50 /* UnifyUITests.xctest */;
			productType = "com.apple.product-type.bundle.ui-testing";
		};
/* End PBXNativeTarget section */

/* Begin PBXProject section */
		6325CF2F2DA143E300F84D50 /* Project object */ = {
			isa = PBXProject;
			attributes = {
				BuildIndependentTargetsInParallel = 1;
				LastSwiftUpdateCheck = 1620;
				LastUpgradeCheck = 1620;
				TargetAttributes = {
					6325CF362DA143E300F84D50 = {
						CreatedOnToolsVersion = 16.2;
					};
					6325CF4C2DA143E400F84D50 = {
						CreatedOnToolsVersion = 16.2;
						TestTargetID = 6325CF362DA143E300F84D50;
					};
					6325CF562DA143E400F84D50 = {
						CreatedOnToolsVersion = 16.2;
						TestTargetID = 6325CF362DA143E300F84D50;
					};
				};
			};
			buildConfigurationList = 6325CF322DA143E300F84D50 /* Build configuration list for PBXProject "Unify" */;
			developmentRegion = en;
			hasScannedForEncodings = 0;
			knownRegions = (
				en,
				Base,
			);
			mainGroup = 6325CF2E2DA143E300F84D50;
			minimizedProjectReferenceProxies = 1;
			packageReferences = (
				F40865F22DA353C500B300E9 /* XCRemoteSwiftPackageReference "SnapKit" */,
				F4ECD9F12DC452670012AF00 /* XCRemoteSwiftPackageReference "Alamofire" */,
				F4ECDA072DC45C8C0012AF00 /* XCRemoteSwiftPackageReference "KeychainAccess" */,
			);
			preferredProjectObjectVersion = 77;
			productRefGroup = 6325CF382DA143E300F84D50 /* Products */;
			projectDirPath = "";
			projectRoot = "";
			targets = (
				6325CF362DA143E300F84D50 /* Unify */,
				6325CF4C2DA143E400F84D50 /* UnifyTests */,
				6325CF562DA143E400F84D50 /* UnifyUITests */,
			);
		};
/* End PBXProject section */

/* Begin PBXResourcesBuildPhase section */
		6325CF352DA143E300F84D50 /* Resources */ = {
			isa = PBXResourcesBuildPhase;
			buildActionMask = 2147483647;
			files = (
			);
			runOnlyForDeploymentPostprocessing = 0;
		};
		6325CF4B2DA143E400F84D50 /* Resources */ = {
			isa = PBXResourcesBuildPhase;
			buildActionMask = 2147483647;
			files = (
			);
			runOnlyForDeploymentPostprocessing = 0;
		};
		6325CF552DA143E400F84D50 /* Resources */ = {
			isa = PBXResourcesBuildPhase;
			buildActionMask = 2147483647;
			files = (
			);
			runOnlyForDeploymentPostprocessing = 0;
		};
/* End PBXResourcesBuildPhase section */

/* Begin PBXSourcesBuildPhase section */
		6325CF332DA143E300F84D50 /* Sources */ = {
			isa = PBXSourcesBuildPhase;
			buildActionMask = 2147483647;
			files = (
			);
			runOnlyForDeploymentPostprocessing = 0;
		};
		6325CF492DA143E400F84D50 /* Sources */ = {
			isa = PBXSourcesBuildPhase;
			buildActionMask = 2147483647;
			files = (
			);
			runOnlyForDeploymentPostprocessing = 0;
		};
		6325CF532DA143E400F84D50 /* Sources */ = {
			isa = PBXSourcesBuildPhase;
			buildActionMask = 2147483647;
			files = (
			);
			runOnlyForDeploymentPostprocessing = 0;
		};
/* End PBXSourcesBuildPhase section */

/* Begin PBXTargetDependency section */
		6325CF4F2DA143E400F84D50 /* PBXTargetDependency */ = {
			isa = PBXTargetDependency;
			target = 6325CF362DA143E300F84D50 /* Unify */;
			targetProxy = 6325CF4E2DA143E400F84D50 /* PBXContainerItemProxy */;
		};
		6325CF592DA143E400F84D50 /* PBXTargetDependency */ = {
			isa = PBXTargetDependency;
			target = 6325CF362DA143E300F84D50 /* Unify */;
			targetProxy = 6325CF582DA143E400F84D50 /* PBXContainerItemProxy */;
		};
/* End PBXTargetDependency section */

/* Begin XCBuildConfiguration section */
		6325CF612DA143E400F84D50 /* Debug */ = {
			isa = XCBuildConfiguration;
			buildSettings = {
				ASSETCATALOG_COMPILER_APPICON_NAME = AppIcon;
				ASSETCATALOG_COMPILER_GLOBAL_ACCENT_COLOR_NAME = AccentColor;
				CODE_SIGN_STYLE = Automatic;
				CURRENT_PROJECT_VERSION = 1;
				DEVELOPMENT_TEAM = SW8JAD37YH;
				GENERATE_INFOPLIST_FILE = YES;
				INFOPLIST_FILE = Unify/resources/Info.plist;
				INFOPLIST_KEY_UIApplicationSupportsIndirectInputEvents = YES;
				INFOPLIST_KEY_UILaunchStoryboardName = LaunchScreen;
				INFOPLIST_KEY_UIMainStoryboardFile = Main;
				INFOPLIST_KEY_UISupportedInterfaceOrientations_iPad = "UIInterfaceOrientationPortrait UIInterfaceOrientationPortraitUpsideDown UIInterfaceOrientationLandscapeLeft UIInterfaceOrientationLandscapeRight";
				INFOPLIST_KEY_UISupportedInterfaceOrientations_iPhone = "UIInterfaceOrientationPortrait UIInterfaceOrientationLandscapeLeft UIInterfaceOrientationLandscapeRight";
				IPHONEOS_DEPLOYMENT_TARGET = 18.0;
				LD_RUNPATH_SEARCH_PATHS = (
					"$(inherited)",
					"@executable_path/Frameworks",
				);
				MARKETING_VERSION = 1.0;
				PRODUCT_BUNDLE_IDENTIFIER = kr.co.duolabs.Unify;
				PRODUCT_NAME = "$(TARGET_NAME)";
				SWIFT_EMIT_LOC_STRINGS = YES;
				SWIFT_VERSION = 5.0;
				TARGETED_DEVICE_FAMILY = "1,2";
			};
			name = Debug;
		};
		6325CF622DA143E400F84D50 /* Release */ = {
			isa = XCBuildConfiguration;
			buildSettings = {
				ASSETCATALOG_COMPILER_APPICON_NAME = AppIcon;
				ASSETCATALOG_COMPILER_GLOBAL_ACCENT_COLOR_NAME = AccentColor;
				CODE_SIGN_STYLE = Automatic;
				CURRENT_PROJECT_VERSION = 1;
				DEVELOPMENT_TEAM = SW8JAD37YH;
				GENERATE_INFOPLIST_FILE = YES;
				INFOPLIST_FILE = Unify/resources/Info.plist;
				INFOPLIST_KEY_UIApplicationSupportsIndirectInputEvents = YES;
				INFOPLIST_KEY_UILaunchStoryboardName = LaunchScreen;
				INFOPLIST_KEY_UIMainStoryboardFile = Main;
				INFOPLIST_KEY_UISupportedInterfaceOrientations_iPad = "UIInterfaceOrientationPortrait UIInterfaceOrientationPortraitUpsideDown UIInterfaceOrientationLandscapeLeft UIInterfaceOrientationLandscapeRight";
				INFOPLIST_KEY_UISupportedInterfaceOrientations_iPhone = "UIInterfaceOrientationPortrait UIInterfaceOrientationLandscapeLeft UIInterfaceOrientationLandscapeRight";
				IPHONEOS_DEPLOYMENT_TARGET = 18.0;
				LD_RUNPATH_SEARCH_PATHS = (
					"$(inherited)",
					"@executable_path/Frameworks",
				);
				MARKETING_VERSION = 1.0;
				PRODUCT_BUNDLE_IDENTIFIER = kr.co.duolabs.Unify;
				PRODUCT_NAME = "$(TARGET_NAME)";
				SWIFT_EMIT_LOC_STRINGS = YES;
				SWIFT_VERSION = 5.0;
				TARGETED_DEVICE_FAMILY = "1,2";
			};
			name = Release;
		};
		6325CF632DA143E400F84D50 /* Debug */ = {
			isa = XCBuildConfiguration;
			buildSettings = {
				ALWAYS_SEARCH_USER_PATHS = NO;
				ASSETCATALOG_COMPILER_GENERATE_SWIFT_ASSET_SYMBOL_EXTENSIONS = YES;
				CLANG_ANALYZER_NONNULL = YES;
				CLANG_ANALYZER_NUMBER_OBJECT_CONVERSION = YES_AGGRESSIVE;
				CLANG_CXX_LANGUAGE_STANDARD = "gnu++20";
				CLANG_ENABLE_MODULES = YES;
				CLANG_ENABLE_OBJC_ARC = YES;
				CLANG_ENABLE_OBJC_WEAK = YES;
				CLANG_WARN_BLOCK_CAPTURE_AUTORELEASING = YES;
				CLANG_WARN_BOOL_CONVERSION = YES;
				CLANG_WARN_COMMA = YES;
				CLANG_WARN_CONSTANT_CONVERSION = YES;
				CLANG_WARN_DEPRECATED_OBJC_IMPLEMENTATIONS = YES;
				CLANG_WARN_DIRECT_OBJC_ISA_USAGE = YES_ERROR;
				CLANG_WARN_DOCUMENTATION_COMMENTS = YES;
				CLANG_WARN_EMPTY_BODY = YES;
				CLANG_WARN_ENUM_CONVERSION = YES;
				CLANG_WARN_INFINITE_RECURSION = YES;
				CLANG_WARN_INT_CONVERSION = YES;
				CLANG_WARN_NON_LITERAL_NULL_CONVERSION = YES;
				CLANG_WARN_OBJC_IMPLICIT_RETAIN_SELF = YES;
				CLANG_WARN_OBJC_LITERAL_CONVERSION = YES;
				CLANG_WARN_OBJC_ROOT_CLASS = YES_ERROR;
				CLANG_WARN_QUOTED_INCLUDE_IN_FRAMEWORK_HEADER = YES;
				CLANG_WARN_RANGE_LOOP_ANALYSIS = YES;
				CLANG_WARN_STRICT_PROTOTYPES = YES;
				CLANG_WARN_SUSPICIOUS_MOVE = YES;
				CLANG_WARN_UNGUARDED_AVAILABILITY = YES_AGGRESSIVE;
				CLANG_WARN_UNREACHABLE_CODE = YES;
				CLANG_WARN__DUPLICATE_METHOD_MATCH = YES;
				COPY_PHASE_STRIP = NO;
				DEBUG_INFORMATION_FORMAT = dwarf;
				ENABLE_STRICT_OBJC_MSGSEND = YES;
				ENABLE_TESTABILITY = YES;
				ENABLE_USER_SCRIPT_SANDBOXING = YES;
				GCC_C_LANGUAGE_STANDARD = gnu17;
				GCC_DYNAMIC_NO_PIC = NO;
				GCC_NO_COMMON_BLOCKS = YES;
				GCC_OPTIMIZATION_LEVEL = 0;
				GCC_PREPROCESSOR_DEFINITIONS = (
					"DEBUG=1",
					"$(inherited)",
				);
				GCC_WARN_64_TO_32_BIT_CONVERSION = YES;
				GCC_WARN_ABOUT_RETURN_TYPE = YES_ERROR;
				GCC_WARN_UNDECLARED_SELECTOR = YES;
				GCC_WARN_UNINITIALIZED_AUTOS = YES_AGGRESSIVE;
				GCC_WARN_UNUSED_FUNCTION = YES;
				GCC_WARN_UNUSED_VARIABLE = YES;
				IPHONEOS_DEPLOYMENT_TARGET = 18.2;
				LOCALIZATION_PREFERS_STRING_CATALOGS = YES;
				MTL_ENABLE_DEBUG_INFO = INCLUDE_SOURCE;
				MTL_FAST_MATH = YES;
				ONLY_ACTIVE_ARCH = YES;
				SDKROOT = iphoneos;
				SWIFT_ACTIVE_COMPILATION_CONDITIONS = "DEBUG $(inherited)";
				SWIFT_OPTIMIZATION_LEVEL = "-Onone";
			};
			name = Debug;
		};
		6325CF642DA143E400F84D50 /* Release */ = {
			isa = XCBuildConfiguration;
			buildSettings = {
				ALWAYS_SEARCH_USER_PATHS = NO;
				ASSETCATALOG_COMPILER_GENERATE_SWIFT_ASSET_SYMBOL_EXTENSIONS = YES;
				CLANG_ANALYZER_NONNULL = YES;
				CLANG_ANALYZER_NUMBER_OBJECT_CONVERSION = YES_AGGRESSIVE;
				CLANG_CXX_LANGUAGE_STANDARD = "gnu++20";
				CLANG_ENABLE_MODULES = YES;
				CLANG_ENABLE_OBJC_ARC = YES;
				CLANG_ENABLE_OBJC_WEAK = YES;
				CLANG_WARN_BLOCK_CAPTURE_AUTORELEASING = YES;
				CLANG_WARN_BOOL_CONVERSION = YES;
				CLANG_WARN_COMMA = YES;
				CLANG_WARN_CONSTANT_CONVERSION = YES;
				CLANG_WARN_DEPRECATED_OBJC_IMPLEMENTATIONS = YES;
				CLANG_WARN_DIRECT_OBJC_ISA_USAGE = YES_ERROR;
				CLANG_WARN_DOCUMENTATION_COMMENTS = YES;
				CLANG_WARN_EMPTY_BODY = YES;
				CLANG_WARN_ENUM_CONVERSION = YES;
				CLANG_WARN_INFINITE_RECURSION = YES;
				CLANG_WARN_INT_CONVERSION = YES;
				CLANG_WARN_NON_LITERAL_NULL_CONVERSION = YES;
				CLANG_WARN_OBJC_IMPLICIT_RETAIN_SELF = YES;
				CLANG_WARN_OBJC_LITERAL_CONVERSION = YES;
				CLANG_WARN_OBJC_ROOT_CLASS = YES_ERROR;
				CLANG_WARN_QUOTED_INCLUDE_IN_FRAMEWORK_HEADER = YES;
				CLANG_WARN_RANGE_LOOP_ANALYSIS = YES;
				CLANG_WARN_STRICT_PROTOTYPES = YES;
				CLANG_WARN_SUSPICIOUS_MOVE = YES;
				CLANG_WARN_UNGUARDED_AVAILABILITY = YES_AGGRESSIVE;
				CLANG_WARN_UNREACHABLE_CODE = YES;
				CLANG_WARN__DUPLICATE_METHOD_MATCH = YES;
				COPY_PHASE_STRIP = NO;
				DEBUG_INFORMATION_FORMAT = "dwarf-with-dsym";
				ENABLE_NS_ASSERTIONS = NO;
				ENABLE_STRICT_OBJC_MSGSEND = YES;
				ENABLE_USER_SCRIPT_SANDBOXING = YES;
				GCC_C_LANGUAGE_STANDARD = gnu17;
				GCC_NO_COMMON_BLOCKS = YES;
				GCC_WARN_64_TO_32_BIT_CONVERSION = YES;
				GCC_WARN_ABOUT_RETURN_TYPE = YES_ERROR;
				GCC_WARN_UNDECLARED_SELECTOR = YES;
				GCC_WARN_UNINITIALIZED_AUTOS = YES_AGGRESSIVE;
				GCC_WARN_UNUSED_FUNCTION = YES;
				GCC_WARN_UNUSED_VARIABLE = YES;
				IPHONEOS_DEPLOYMENT_TARGET = 18.2;
				LOCALIZATION_PREFERS_STRING_CATALOGS = YES;
				MTL_ENABLE_DEBUG_INFO = NO;
				MTL_FAST_MATH = YES;
				SDKROOT = iphoneos;
				SWIFT_COMPILATION_MODE = wholemodule;
				VALIDATE_PRODUCT = YES;
			};
			name = Release;
		};
		6325CF662DA143E400F84D50 /* Debug */ = {
			isa = XCBuildConfiguration;
			buildSettings = {
				BUNDLE_LOADER = "$(TEST_HOST)";
				CODE_SIGN_STYLE = Automatic;
				CURRENT_PROJECT_VERSION = 1;
				DEVELOPMENT_TEAM = SW8JAD37YH;
				GENERATE_INFOPLIST_FILE = YES;
				IPHONEOS_DEPLOYMENT_TARGET = 18.2;
				MARKETING_VERSION = 1.0;
				PRODUCT_BUNDLE_IDENTIFIER = kr.co.duolabs.UnifyTests;
				PRODUCT_NAME = "$(TARGET_NAME)";
				SWIFT_EMIT_LOC_STRINGS = NO;
				SWIFT_VERSION = 5.0;
				TARGETED_DEVICE_FAMILY = "1,2";
				TEST_HOST = "$(BUILT_PRODUCTS_DIR)/Unify.app/$(BUNDLE_EXECUTABLE_FOLDER_PATH)/Unify";
			};
			name = Debug;
		};
		6325CF672DA143E400F84D50 /* Release */ = {
			isa = XCBuildConfiguration;
			buildSettings = {
				BUNDLE_LOADER = "$(TEST_HOST)";
				CODE_SIGN_STYLE = Automatic;
				CURRENT_PROJECT_VERSION = 1;
				DEVELOPMENT_TEAM = SW8JAD37YH;
				GENERATE_INFOPLIST_FILE = YES;
				IPHONEOS_DEPLOYMENT_TARGET = 18.2;
				MARKETING_VERSION = 1.0;
				PRODUCT_BUNDLE_IDENTIFIER = kr.co.duolabs.UnifyTests;
				PRODUCT_NAME = "$(TARGET_NAME)";
				SWIFT_EMIT_LOC_STRINGS = NO;
				SWIFT_VERSION = 5.0;
				TARGETED_DEVICE_FAMILY = "1,2";
				TEST_HOST = "$(BUILT_PRODUCTS_DIR)/Unify.app/$(BUNDLE_EXECUTABLE_FOLDER_PATH)/Unify";
			};
			name = Release;
		};
		6325CF692DA143E400F84D50 /* Debug */ = {
			isa = XCBuildConfiguration;
			buildSettings = {
				CODE_SIGN_STYLE = Automatic;
				CURRENT_PROJECT_VERSION = 1;
				DEVELOPMENT_TEAM = SW8JAD37YH;
				GENERATE_INFOPLIST_FILE = YES;
				MARKETING_VERSION = 1.0;
				PRODUCT_BUNDLE_IDENTIFIER = kr.co.duolabs.UnifyUITests;
				PRODUCT_NAME = "$(TARGET_NAME)";
				SWIFT_EMIT_LOC_STRINGS = NO;
				SWIFT_VERSION = 5.0;
				TARGETED_DEVICE_FAMILY = "1,2";
				TEST_TARGET_NAME = Unify;
			};
			name = Debug;
		};
		6325CF6A2DA143E400F84D50 /* Release */ = {
			isa = XCBuildConfiguration;
			buildSettings = {
				CODE_SIGN_STYLE = Automatic;
				CURRENT_PROJECT_VERSION = 1;
				DEVELOPMENT_TEAM = SW8JAD37YH;
				GENERATE_INFOPLIST_FILE = YES;
				MARKETING_VERSION = 1.0;
				PRODUCT_BUNDLE_IDENTIFIER = kr.co.duolabs.UnifyUITests;
				PRODUCT_NAME = "$(TARGET_NAME)";
				SWIFT_EMIT_LOC_STRINGS = NO;
				SWIFT_VERSION = 5.0;
				TARGETED_DEVICE_FAMILY = "1,2";
				TEST_TARGET_NAME = Unify;
			};
			name = Release;
		};
/* End XCBuildConfiguration section */

/* Begin XCConfigurationList section */
		6325CF322DA143E300F84D50 /* Build configuration list for PBXProject "Unify" */ = {
			isa = XCConfigurationList;
			buildConfigurations = (
				6325CF632DA143E400F84D50 /* Debug */,
				6325CF642DA143E400F84D50 /* Release */,
			);
			defaultConfigurationIsVisible = 0;
			defaultConfigurationName = Release;
		};
		6325CF602DA143E400F84D50 /* Build configuration list for PBXNativeTarget "Unify" */ = {
			isa = XCConfigurationList;
			buildConfigurations = (
				6325CF612DA143E400F84D50 /* Debug */,
				6325CF622DA143E400F84D50 /* Release */,
			);
			defaultConfigurationIsVisible = 0;
			defaultConfigurationName = Release;
		};
		6325CF652DA143E400F84D50 /* Build configuration list for PBXNativeTarget "UnifyTests" */ = {
			isa = XCConfigurationList;
			buildConfigurations = (
				6325CF662DA143E400F84D50 /* Debug */,
				6325CF672DA143E400F84D50 /* Release */,
			);
			defaultConfigurationIsVisible = 0;
			defaultConfigurationName = Release;
		};
		6325CF682DA143E400F84D50 /* Build configuration list for PBXNativeTarget "UnifyUITests" */ = {
			isa = XCConfigurationList;
			buildConfigurations = (
				6325CF692DA143E400F84D50 /* Debug */,
				6325CF6A2DA143E400F84D50 /* Release */,
			);
			defaultConfigurationIsVisible = 0;
			defaultConfigurationName = Release;
		};
/* End XCConfigurationList section */

/* Begin XCRemoteSwiftPackageReference section */
		F40865F22DA353C500B300E9 /* XCRemoteSwiftPackageReference "SnapKit" */ = {
			isa = XCRemoteSwiftPackageReference;
			repositoryURL = "https://github.com/SnapKit/SnapKit";
			requirement = {
				kind = upToNextMajorVersion;
				minimumVersion = 5.7.1;
			};
		};
		F4ECD9F12DC452670012AF00 /* XCRemoteSwiftPackageReference "Alamofire" */ = {
			isa = XCRemoteSwiftPackageReference;
			repositoryURL = "https://github.com/Alamofire/Alamofire.git";
			requirement = {
				kind = upToNextMajorVersion;
				minimumVersion = 5.10.2;
			};
		};
		F4ECDA072DC45C8C0012AF00 /* XCRemoteSwiftPackageReference "KeychainAccess" */ = {
			isa = XCRemoteSwiftPackageReference;
			repositoryURL = "https://github.com/kishikawakatsumi/KeychainAccess";
			requirement = {
				branch = master;
				kind = branch;
			};
		};
/* End XCRemoteSwiftPackageReference section */

/* Begin XCSwiftPackageProductDependency section */
		F40865F32DA353C500B300E9 /* SnapKit */ = {
			isa = XCSwiftPackageProductDependency;
			package = F40865F22DA353C500B300E9 /* XCRemoteSwiftPackageReference "SnapKit" */;
			productName = SnapKit;
		};
		F4ECD9F22DC452670012AF00 /* Alamofire */ = {
			isa = XCSwiftPackageProductDependency;
			package = F4ECD9F12DC452670012AF00 /* XCRemoteSwiftPackageReference "Alamofire" */;
			productName = Alamofire;
		};
		F4ECDA082DC45C8C0012AF00 /* KeychainAccess */ = {
			isa = XCSwiftPackageProductDependency;
			package = F4ECDA072DC45C8C0012AF00 /* XCRemoteSwiftPackageReference "KeychainAccess" */;
			productName = KeychainAccess;
		};
/* End XCSwiftPackageProductDependency section */
	};
	rootObject = 6325CF2F2DA143E300F84D50 /* Project object */;
}
